
Microsoft Visual Studio Solution File, Format Version 12.00
Project("{FAE04EC0-301F-11D3-BF4B-00C04F79EFBC}") = "MsServiceProvider", "MsServiceProvider\MsServiceProvider.csproj", "{AB6D4761-A2CE-4CF9-A130-6366B0DF56BF}"
EndProject
Project("{FAE04EC0-301F-11D3-BF4B-00C04F79EFBC}") = "ConsoleDI.Example", "ConsoleDI.Example\ConsoleDI.Example.csproj", "{BB6AE63A-8F50-4783-8FCA-720D7229293D}"
EndProject
Project("{F2A71F9B-5D33-465A-A702-920D77279786}") = "ConsoleMailboxPriorities", "ConsoleMailboxPriorities\ConsoleMailboxPriorities.fsproj", "{46067277-5E0B-4CF9-8A0E-C1831DF81FF2}"
EndProject
Project("{F2A71F9B-5D33-465A-A702-920D77279786}") = "FsharpTests", "FsharpTests\FsharpTests.fsproj", "{F44FDD9D-E6D2-4A4D-B6A7-D359AEA08957}"
EndProject
Project("{F2A71F9B-5D33-465A-A702-920D77279786}") = "DatabaseFilesPoc", "DatabaseFilesPoc\DatabaseFilesPoc.fsproj", "{FCBEA536-92DE-47D2-8086-5FD437E14F3B}"
EndProject
Project("{F2A71F9B-5D33-465A-A702-920D77279786}") = "DatabaseFilesDapperPoc", "DatabaseFilesDapperPoc\DatabaseFilesDapperPoc.fsproj", "{9E100C63-C310-4406-865F-AA4A3F80C4E0}"
EndProject
Project("{F2A71F9B-5D33-465A-A702-920D77279786}") = "TupleReflectionConstructorParams", "TupleReflectionConstructorParams\TupleReflectionConstructorParams.fsproj", "{0B5A7E9D-86A4-470E-AC37-F0ECC67C13B6}"
EndProject
Project("{FAE04EC0-301F-11D3-BF4B-00C04F79EFBC}") = "TupleReflectionCtorParamsCSharp", "TupleReflectionCtorParamsCSharp\TupleReflectionCtorParamsCSharp.csproj", "{A9BCAFC2-B815-4870-AE98-FC391F7CB261}"
EndProject
Project("{F2A71F9B-5D33-465A-A702-920D77279786}") = "WorkerServiceErrorHandling", "WorkerServiceErrorHandling\WorkerServiceErrorHandling.fsproj", "{992E8998-7DF0-4FCE-B706-F8DCEA444039}"
EndProject
Project("{FAE04EC0-301F-11D3-BF4B-00C04F79EFBC}") = "ParametrizedSQLVsLocalTempTable", "ParametrizedSQLVsLocalTempTable\ParametrizedSQLVsLocalTempTable.csproj", "{6889477D-BAE0-45BC-9CF1-CD8FAB6797BE}"
EndProject
Project("{FAE04EC0-301F-11D3-BF4B-00C04F79EFBC}") = "CheckCompilerConstants", "CheckCompilerConstants\CheckCompilerConstants.csproj", "{FD044E62-DBFB-4212-A5A5-0C772F25BA48}"
EndProject
Global
	GlobalSection(SolutionConfigurationPlatforms) = preSolution
		Debug|Any CPU = Debug|Any CPU
		Release|Any CPU = Release|Any CPU
	EndGlobalSection
	GlobalSection(ProjectConfigurationPlatforms) = postSolution
		{AB6D4761-A2CE-4CF9-A130-6366B0DF56BF}.Debug|Any CPU.ActiveCfg = Debug|Any CPU
		{AB6D4761-A2CE-4CF9-A130-6366B0DF56BF}.Debug|Any CPU.Build.0 = Debug|Any CPU
		{BB6AE63A-8F50-4783-8FCA-720D7229293D}.Debug|Any CPU.ActiveCfg = Debug|Any CPU
		{BB6AE63A-8F50-4783-8FCA-720D7229293D}.Debug|Any CPU.Build.0 = Debug|Any CPU
		{BB6AE63A-8F50-4783-8FCA-720D7229293D}.Release|Any CPU.ActiveCfg = Release|Any CPU
		{BB6AE63A-8F50-4783-8FCA-720D7229293D}.Release|Any CPU.Build.0 = Release|Any CPU
		{46067277-5E0B-4CF9-8A0E-C1831DF81FF2}.Debug|Any CPU.ActiveCfg = Debug|Any CPU
		{46067277-5E0B-4CF9-8A0E-C1831DF81FF2}.Debug|Any CPU.Build.0 = Debug|Any CPU
		{46067277-5E0B-4CF9-8A0E-C1831DF81FF2}.Release|Any CPU.ActiveCfg = Release|Any CPU
		{46067277-5E0B-4CF9-8A0E-C1831DF81FF2}.Release|Any CPU.Build.0 = Release|Any CPU
		{F44FDD9D-E6D2-4A4D-B6A7-D359AEA08957}.Debug|Any CPU.ActiveCfg = Debug|Any CPU
		{F44FDD9D-E6D2-4A4D-B6A7-D359AEA08957}.Debug|Any CPU.Build.0 = Debug|Any CPU
		{F44FDD9D-E6D2-4A4D-B6A7-D359AEA08957}.Release|Any CPU.ActiveCfg = Release|Any CPU
		{F44FDD9D-E6D2-4A4D-B6A7-D359AEA08957}.Release|Any CPU.Build.0 = Release|Any CPU
		{FCBEA536-92DE-47D2-8086-5FD437E14F3B}.Debug|Any CPU.ActiveCfg = Debug|Any CPU
		{FCBEA536-92DE-47D2-8086-5FD437E14F3B}.Debug|Any CPU.Build.0 = Debug|Any CPU
		{FCBEA536-92DE-47D2-8086-5FD437E14F3B}.Release|Any CPU.ActiveCfg = Release|Any CPU
		{FCBEA536-92DE-47D2-8086-5FD437E14F3B}.Release|Any CPU.Build.0 = Release|Any CPU
		{9E100C63-C310-4406-865F-AA4A3F80C4E0}.Debug|Any CPU.ActiveCfg = Debug|Any CPU
		{9E100C63-C310-4406-865F-AA4A3F80C4E0}.Debug|Any CPU.Build.0 = Debug|Any CPU
		{9E100C63-C310-4406-865F-AA4A3F80C4E0}.Release|Any CPU.ActiveCfg = Release|Any CPU
		{9E100C63-C310-4406-865F-AA4A3F80C4E0}.Release|Any CPU.Build.0 = Release|Any CPU
		{0B5A7E9D-86A4-470E-AC37-F0ECC67C13B6}.Debug|Any CPU.ActiveCfg = Debug|Any CPU
		{0B5A7E9D-86A4-470E-AC37-F0ECC67C13B6}.Debug|Any CPU.Build.0 = Debug|Any CPU
		{0B5A7E9D-86A4-470E-AC37-F0ECC67C13B6}.Release|Any CPU.ActiveCfg = Release|Any CPU
		{0B5A7E9D-86A4-470E-AC37-F0ECC67C13B6}.Release|Any CPU.Build.0 = Release|Any CPU
		{A9BCAFC2-B815-4870-AE98-FC391F7CB261}.Debug|Any CPU.ActiveCfg = Debug|Any CPU
		{A9BCAFC2-B815-4870-AE98-FC391F7CB261}.Debug|Any CPU.Build.0 = Debug|Any CPU
		{A9BCAFC2-B815-4870-AE98-FC391F7CB261}.Release|Any CPU.ActiveCfg = Release|Any CPU
		{A9BCAFC2-B815-4870-AE98-FC391F7CB261}.Release|Any CPU.Build.0 = Release|Any CPU
		{992E8998-7DF0-4FCE-B706-F8DCEA444039}.Debug|Any CPU.ActiveCfg = Debug|Any CPU
		{992E8998-7DF0-4FCE-B706-F8DCEA444039}.Debug|Any CPU.Build.0 = Debug|Any CPU
		{992E8998-7DF0-4FCE-B706-F8DCEA444039}.Release|Any CPU.ActiveCfg = Release|Any CPU
		{992E8998-7DF0-4FCE-B706-F8DCEA444039}.Release|Any CPU.Build.0 = Release|Any CPU
		{6889477D-BAE0-45BC-9CF1-CD8FAB6797BE}.Debug|Any CPU.ActiveCfg = Debug|Any CPU
		{6889477D-BAE0-45BC-9CF1-CD8FAB6797BE}.Debug|Any CPU.Build.0 = Debug|Any CPU
		{6889477D-BAE0-45BC-9CF1-CD8FAB6797BE}.Release|Any CPU.ActiveCfg = Release|Any CPU
		{6889477D-BAE0-45BC-9CF1-CD8FAB6797BE}.Release|Any CPU.Build.0 = Release|Any CPU
		{FD044E62-DBFB-4212-A5A5-0C772F25BA48}.Debug|Any CPU.ActiveCfg = Debug|Any CPU
		{FD044E62-DBFB-4212-A5A5-0C772F25BA48}.Debug|Any CPU.Build.0 = Debug|Any CPU
		{FD044E62-DBFB-4212-A5A5-0C772F25BA48}.Release|Any CPU.ActiveCfg = Release|Any CPU
		{FD044E62-DBFB-4212-A5A5-0C772F25BA48}.Release|Any CPU.Build.0 = Release|Any CPU
	EndGlobalSection
EndGlobal
