
Microsoft Visual Studio Solution File, Format Version 12.00
Project("{FAE04EC0-301F-11D3-BF4B-00C04F79EFBC}") = "MsServiceProvider", "MsServiceProvider\MsServiceProvider.csproj", "{AB6D4761-A2CE-4CF9-A130-6366B0DF56BF}"
EndProject
Project("{FAE04EC0-301F-11D3-BF4B-00C04F79EFBC}") = "ConsoleDI.Example", "ConsoleDI.Example\ConsoleDI.Example.csproj", "{BB6AE63A-8F50-4783-8FCA-720D7229293D}"
EndProject
Global
	GlobalSection(SolutionConfigurationPlatforms) = preSolution
		Debug|Any CPU = Debug|Any CPU
		Release|Any CPU = Release|Any CPU
	EndGlobalSection
	GlobalSection(ProjectConfigurationPlatforms) = postSolution
		{AB6D4761-A2CE-4CF9-A130-6366B0DF56BF}.Debug|Any CPU.ActiveCfg = Debug|Any CPU
		{AB6D4761-A2CE-4CF9-A130-6366B0DF56BF}.Debug|Any CPU.Build.0 = Debug|Any CPU
		{BB6AE63A-8F50-4783-8FCA-720D7229293D}.Debug|Any CPU.ActiveCfg = Debug|Any CPU
		{BB6AE63A-8F50-4783-8FCA-720D7229293D}.Debug|Any CPU.Build.0 = Debug|Any CPU
		{BB6AE63A-8F50-4783-8FCA-720D7229293D}.Release|Any CPU.ActiveCfg = Release|Any CPU
		{BB6AE63A-8F50-4783-8FCA-720D7229293D}.Release|Any CPU.Build.0 = Release|Any CPU
	EndGlobalSection
EndGlobal
