
Microsoft Visual Studio Solution File, Format Version 12.00
# Visual Studio Version 17
VisualStudioVersion = 17.14.36408.4 d17.14
MinimumVisualStudioVersion = 10.0.40219.1
Project("{FAE04EC0-301F-11D3-BF4B-00C04F79EFBC}") = "MsServiceProvider", "MsServiceProvider\MsServiceProvider.csproj", "{AB6D4761-A2CE-4CF9-A130-6366B0DF56BF}"
EndProject
Project("{FAE04EC0-301F-11D3-BF4B-00C04F79EFBC}") = "ConsoleDI.Example", "ConsoleDI.Example\ConsoleDI.Example.csproj", "{BB6AE63A-8F50-4783-8FCA-720D7229293D}"
EndProject
Project("{F2A71F9B-5D33-465A-A702-920D77279786}") = "ConsoleMailboxPriorities", "ConsoleMailboxPriorities\ConsoleMailboxPriorities.fsproj", "{46067277-5E0B-4CF9-8A0E-C1831DF81FF2}"
EndProject
Project("{F2A71F9B-5D33-465A-A702-920D77279786}") = "FsharpTests", "FsharpTests\FsharpTests.fsproj", "{F44FDD9D-E6D2-4A4D-B6A7-D359AEA08957}"
EndProject
Project("{F2A71F9B-5D33-465A-A702-920D77279786}") = "DatabaseFilesPoc", "DatabaseFilesPoc\DatabaseFilesPoc.fsproj", "{FCBEA536-92DE-47D2-8086-5FD437E14F3B}"
EndProject
Project("{F2A71F9B-5D33-465A-A702-920D77279786}") = "DatabaseFilesDapperPoc", "DatabaseFilesDapperPoc\DatabaseFilesDapperPoc.fsproj", "{9E100C63-C310-4406-865F-AA4A3F80C4E0}"
EndProject
Project("{F2A71F9B-5D33-465A-A702-920D77279786}") = "TupleReflectionConstructorParams", "TupleReflectionConstructorParams\TupleReflectionConstructorParams.fsproj", "{0B5A7E9D-86A4-470E-AC37-F0ECC67C13B6}"
EndProject
Project("{FAE04EC0-301F-11D3-BF4B-00C04F79EFBC}") = "TupleReflectionCtorParamsCSharp", "TupleReflectionCtorParamsCSharp\TupleReflectionCtorParamsCSharp.csproj", "{A9BCAFC2-B815-4870-AE98-FC391F7CB261}"
EndProject
Project("{F2A71F9B-5D33-465A-A702-920D77279786}") = "WorkerServiceErrorHandling", "WorkerServiceErrorHandling\WorkerServiceErrorHandling.fsproj", "{992E8998-7DF0-4FCE-B706-F8DCEA444039}"
EndProject
Project("{FAE04EC0-301F-11D3-BF4B-00C04F79EFBC}") = "ParametrizedSQLVsLocalTempTable", "ParametrizedSQLVsLocalTempTable\ParametrizedSQLVsLocalTempTable.csproj", "{6889477D-BAE0-45BC-9CF1-CD8FAB6797BE}"
EndProject
Project("{FAE04EC0-301F-11D3-BF4B-00C04F79EFBC}") = "CheckCompilerConstants", "CheckCompilerConstants\CheckCompilerConstants.csproj", "{FD044E62-DBFB-4212-A5A5-0C772F25BA48}"
EndProject
Project("{FAE04EC0-301F-11D3-BF4B-00C04F79EFBC}") = "CSharpTests", "CSharpTests\CSharpTests.csproj", "{7ABBCF4F-DC24-4F6A-82B3-8A415D88DABF}"
EndProject
Project("{FAE04EC0-301F-11D3-BF4B-00C04F79EFBC}") = "MutexTester", "MutexTester\MutexTester.csproj", "{B940C452-AE0B-41E5-AC7B-504BC19581CA}"
EndProject
Project("{FAE04EC0-301F-11D3-BF4B-00C04F79EFBC}") = "ShowHtmlMailFromNftpsyncJson", "ShowHtmlMailFromNftpsyncJson\ShowHtmlMailFromNftpsyncJson.csproj", "{AE9118A7-8D75-455A-88B1-81AE5D07D27C}"
EndProject
Project("{FAE04EC0-301F-11D3-BF4B-00C04F79EFBC}") = "AlmostNothingWaitingConsoleApp", "AlmostNothingWaitingConsoleApp\AlmostNothingWaitingConsoleApp.csproj", "{147A3B4E-2FD4-486C-AFF7-672A0DC4E709}"
EndProject
Project("{FAE04EC0-301F-11D3-BF4B-00C04F79EFBC}") = "RamAbuser", "RamAbuser\RamAbuser.csproj", "{2EF686B4-0052-4791-B5B9-FB3A3CA37932}"
EndProject
Project("{2150E333-8FDC-42A3-9474-1A3956D46DE8}") = "RAM tests", "RAM tests", "{E7C743C5-6AD6-4C49-8F32-95209426C50D}"
EndProject
Project("{FAE04EC0-301F-11D3-BF4B-00C04F79EFBC}") = "RAMFiller", "RAMFiller\RAMFiller.csproj", "{69A3023B-C33B-4B54-8B36-37100016B54D}"
EndProject
Project("{F2A71F9B-5D33-465A-A702-920D77279786}") = "GracefullShutdownFs", "GracefullShutdownFs\GracefullShutdownFs.fsproj", "{4599FA0C-4B36-4327-8B5C-900BB95FB3DD}"
EndProject
Project("{FAE04EC0-301F-11D3-BF4B-00C04F79EFBC}") = "NftpsyncJsonMailsToHtml", "NftpsyncJsonMailsToHtml\NftpsyncJsonMailsToHtml.csproj", "{3F69057F-F3D6-426B-9CA2-C46A8EDBA74D}"
EndProject
Project("{FAE04EC0-301F-11D3-BF4B-00C04F79EFBC}") = "PmImprovementWorkshop", "PmImprovementWorkshop\PmImprovementWorkshop.csproj", "{6C33A7BA-26C1-4562-9838-BC97CC3ABAAE}"
EndProject
Project("{FAE04EC0-301F-11D3-BF4B-00C04F79EFBC}") = "PmImprovementAppLabRat", "PmImprovementAppLabRat\PmImprovementAppLabRat.csproj", "{1D60D531-2D68-43F9-8CB5-4A5E4E439B44}"
EndProject
Project("{F2A71F9B-5D33-465A-A702-920D77279786}") = "PmImprovementAppLabRatFsharp", "PmImprovementAppLabRatFsharp\PmImprovementAppLabRatFsharp.fsproj", "{3AE35B31-E6CD-4AFF-A4EC-C493B5BADC5F}"
EndProject
Project("{FAE04EC0-301F-11D3-BF4B-00C04F79EFBC}") = "PmImprovementsCs5", "PmImprovementsCs5\PmImprovementsCs5.csproj", "{559C64F8-720A-48A2-B317-5D952107DD29}"
EndProject
Project("{2150E333-8FDC-42A3-9474-1A3956D46DE8}") = "misc", "misc", "{1AE33523-E37D-47AB-A735-EDC52FFB24AA}"
	ProjectSection(SolutionItems) = preProject
		.editorconfig = .editorconfig
		.gitignore = .gitignore
	EndProjectSection
EndProject
Project("{FAE04EC0-301F-11D3-BF4B-00C04F79EFBC}") = "FinalizerTest", "FinalizerTest\FinalizerTest.csproj", "{ADC80D5D-620F-4A88-AAD3-AA2586AD92A7}"
EndProject
Global
	GlobalSection(SolutionConfigurationPlatforms) = preSolution
		Debug|Any CPU = Debug|Any CPU
		Release|Any CPU = Release|Any CPU
	EndGlobalSection
	GlobalSection(ProjectConfigurationPlatforms) = postSolution
		{AB6D4761-A2CE-4CF9-A130-6366B0DF56BF}.Debug|Any CPU.ActiveCfg = Debug|Any CPU
		{AB6D4761-A2CE-4CF9-A130-6366B0DF56BF}.Debug|Any CPU.Build.0 = Debug|Any CPU
		{AB6D4761-A2CE-4CF9-A130-6366B0DF56BF}.Release|Any CPU.ActiveCfg = Release|Any CPU
		{AB6D4761-A2CE-4CF9-A130-6366B0DF56BF}.Release|Any CPU.Build.0 = Release|Any CPU
		{BB6AE63A-8F50-4783-8FCA-720D7229293D}.Debug|Any CPU.ActiveCfg = Debug|Any CPU
		{BB6AE63A-8F50-4783-8FCA-720D7229293D}.Debug|Any CPU.Build.0 = Debug|Any CPU
		{BB6AE63A-8F50-4783-8FCA-720D7229293D}.Release|Any CPU.ActiveCfg = Release|Any CPU
		{BB6AE63A-8F50-4783-8FCA-720D7229293D}.Release|Any CPU.Build.0 = Release|Any CPU
		{46067277-5E0B-4CF9-8A0E-C1831DF81FF2}.Debug|Any CPU.ActiveCfg = Debug|Any CPU
		{46067277-5E0B-4CF9-8A0E-C1831DF81FF2}.Debug|Any CPU.Build.0 = Debug|Any CPU
		{46067277-5E0B-4CF9-8A0E-C1831DF81FF2}.Release|Any CPU.ActiveCfg = Release|Any CPU
		{46067277-5E0B-4CF9-8A0E-C1831DF81FF2}.Release|Any CPU.Build.0 = Release|Any CPU
		{F44FDD9D-E6D2-4A4D-B6A7-D359AEA08957}.Debug|Any CPU.ActiveCfg = Debug|Any CPU
		{F44FDD9D-E6D2-4A4D-B6A7-D359AEA08957}.Debug|Any CPU.Build.0 = Debug|Any CPU
		{F44FDD9D-E6D2-4A4D-B6A7-D359AEA08957}.Release|Any CPU.ActiveCfg = Release|Any CPU
		{F44FDD9D-E6D2-4A4D-B6A7-D359AEA08957}.Release|Any CPU.Build.0 = Release|Any CPU
		{FCBEA536-92DE-47D2-8086-5FD437E14F3B}.Debug|Any CPU.ActiveCfg = Debug|Any CPU
		{FCBEA536-92DE-47D2-8086-5FD437E14F3B}.Debug|Any CPU.Build.0 = Debug|Any CPU
		{FCBEA536-92DE-47D2-8086-5FD437E14F3B}.Release|Any CPU.ActiveCfg = Release|Any CPU
		{FCBEA536-92DE-47D2-8086-5FD437E14F3B}.Release|Any CPU.Build.0 = Release|Any CPU
		{9E100C63-C310-4406-865F-AA4A3F80C4E0}.Debug|Any CPU.ActiveCfg = Debug|Any CPU
		{9E100C63-C310-4406-865F-AA4A3F80C4E0}.Debug|Any CPU.Build.0 = Debug|Any CPU
		{9E100C63-C310-4406-865F-AA4A3F80C4E0}.Release|Any CPU.ActiveCfg = Release|Any CPU
		{9E100C63-C310-4406-865F-AA4A3F80C4E0}.Release|Any CPU.Build.0 = Release|Any CPU
		{0B5A7E9D-86A4-470E-AC37-F0ECC67C13B6}.Debug|Any CPU.ActiveCfg = Debug|Any CPU
		{0B5A7E9D-86A4-470E-AC37-F0ECC67C13B6}.Debug|Any CPU.Build.0 = Debug|Any CPU
		{0B5A7E9D-86A4-470E-AC37-F0ECC67C13B6}.Release|Any CPU.ActiveCfg = Release|Any CPU
		{0B5A7E9D-86A4-470E-AC37-F0ECC67C13B6}.Release|Any CPU.Build.0 = Release|Any CPU
		{A9BCAFC2-B815-4870-AE98-FC391F7CB261}.Debug|Any CPU.ActiveCfg = Debug|Any CPU
		{A9BCAFC2-B815-4870-AE98-FC391F7CB261}.Debug|Any CPU.Build.0 = Debug|Any CPU
		{A9BCAFC2-B815-4870-AE98-FC391F7CB261}.Release|Any CPU.ActiveCfg = Release|Any CPU
		{A9BCAFC2-B815-4870-AE98-FC391F7CB261}.Release|Any CPU.Build.0 = Release|Any CPU
		{992E8998-7DF0-4FCE-B706-F8DCEA444039}.Debug|Any CPU.ActiveCfg = Debug|Any CPU
		{992E8998-7DF0-4FCE-B706-F8DCEA444039}.Debug|Any CPU.Build.0 = Debug|Any CPU
		{992E8998-7DF0-4FCE-B706-F8DCEA444039}.Release|Any CPU.ActiveCfg = Release|Any CPU
		{992E8998-7DF0-4FCE-B706-F8DCEA444039}.Release|Any CPU.Build.0 = Release|Any CPU
		{6889477D-BAE0-45BC-9CF1-CD8FAB6797BE}.Debug|Any CPU.ActiveCfg = Debug|Any CPU
		{6889477D-BAE0-45BC-9CF1-CD8FAB6797BE}.Debug|Any CPU.Build.0 = Debug|Any CPU
		{6889477D-BAE0-45BC-9CF1-CD8FAB6797BE}.Release|Any CPU.ActiveCfg = Release|Any CPU
		{6889477D-BAE0-45BC-9CF1-CD8FAB6797BE}.Release|Any CPU.Build.0 = Release|Any CPU
		{FD044E62-DBFB-4212-A5A5-0C772F25BA48}.Debug|Any CPU.ActiveCfg = Debug|Any CPU
		{FD044E62-DBFB-4212-A5A5-0C772F25BA48}.Debug|Any CPU.Build.0 = Debug|Any CPU
		{FD044E62-DBFB-4212-A5A5-0C772F25BA48}.Release|Any CPU.ActiveCfg = Release|Any CPU
		{FD044E62-DBFB-4212-A5A5-0C772F25BA48}.Release|Any CPU.Build.0 = Release|Any CPU
		{7ABBCF4F-DC24-4F6A-82B3-8A415D88DABF}.Debug|Any CPU.ActiveCfg = Debug|Any CPU
		{7ABBCF4F-DC24-4F6A-82B3-8A415D88DABF}.Debug|Any CPU.Build.0 = Debug|Any CPU
		{7ABBCF4F-DC24-4F6A-82B3-8A415D88DABF}.Release|Any CPU.ActiveCfg = Release|Any CPU
		{7ABBCF4F-DC24-4F6A-82B3-8A415D88DABF}.Release|Any CPU.Build.0 = Release|Any CPU
		{B940C452-AE0B-41E5-AC7B-504BC19581CA}.Debug|Any CPU.ActiveCfg = Debug|Any CPU
		{B940C452-AE0B-41E5-AC7B-504BC19581CA}.Debug|Any CPU.Build.0 = Debug|Any CPU
		{B940C452-AE0B-41E5-AC7B-504BC19581CA}.Release|Any CPU.ActiveCfg = Release|Any CPU
		{B940C452-AE0B-41E5-AC7B-504BC19581CA}.Release|Any CPU.Build.0 = Release|Any CPU
		{AE9118A7-8D75-455A-88B1-81AE5D07D27C}.Debug|Any CPU.ActiveCfg = Debug|Any CPU
		{AE9118A7-8D75-455A-88B1-81AE5D07D27C}.Debug|Any CPU.Build.0 = Debug|Any CPU
		{AE9118A7-8D75-455A-88B1-81AE5D07D27C}.Release|Any CPU.ActiveCfg = Release|Any CPU
		{AE9118A7-8D75-455A-88B1-81AE5D07D27C}.Release|Any CPU.Build.0 = Release|Any CPU
		{147A3B4E-2FD4-486C-AFF7-672A0DC4E709}.Debug|Any CPU.ActiveCfg = Debug|Any CPU
		{147A3B4E-2FD4-486C-AFF7-672A0DC4E709}.Debug|Any CPU.Build.0 = Debug|Any CPU
		{147A3B4E-2FD4-486C-AFF7-672A0DC4E709}.Release|Any CPU.ActiveCfg = Release|Any CPU
		{147A3B4E-2FD4-486C-AFF7-672A0DC4E709}.Release|Any CPU.Build.0 = Release|Any CPU
		{2EF686B4-0052-4791-B5B9-FB3A3CA37932}.Debug|Any CPU.ActiveCfg = Debug|Any CPU
		{2EF686B4-0052-4791-B5B9-FB3A3CA37932}.Debug|Any CPU.Build.0 = Debug|Any CPU
		{2EF686B4-0052-4791-B5B9-FB3A3CA37932}.Release|Any CPU.ActiveCfg = Release|Any CPU
		{2EF686B4-0052-4791-B5B9-FB3A3CA37932}.Release|Any CPU.Build.0 = Release|Any CPU
		{69A3023B-C33B-4B54-8B36-37100016B54D}.Debug|Any CPU.ActiveCfg = Debug|Any CPU
		{69A3023B-C33B-4B54-8B36-37100016B54D}.Debug|Any CPU.Build.0 = Debug|Any CPU
		{69A3023B-C33B-4B54-8B36-37100016B54D}.Release|Any CPU.ActiveCfg = Release|Any CPU
		{69A3023B-C33B-4B54-8B36-37100016B54D}.Release|Any CPU.Build.0 = Release|Any CPU
		{4599FA0C-4B36-4327-8B5C-900BB95FB3DD}.Debug|Any CPU.ActiveCfg = Debug|Any CPU
		{4599FA0C-4B36-4327-8B5C-900BB95FB3DD}.Debug|Any CPU.Build.0 = Debug|Any CPU
		{4599FA0C-4B36-4327-8B5C-900BB95FB3DD}.Release|Any CPU.ActiveCfg = Release|Any CPU
		{4599FA0C-4B36-4327-8B5C-900BB95FB3DD}.Release|Any CPU.Build.0 = Release|Any CPU
		{3F69057F-F3D6-426B-9CA2-C46A8EDBA74D}.Debug|Any CPU.ActiveCfg = Debug|Any CPU
		{3F69057F-F3D6-426B-9CA2-C46A8EDBA74D}.Debug|Any CPU.Build.0 = Debug|Any CPU
		{3F69057F-F3D6-426B-9CA2-C46A8EDBA74D}.Release|Any CPU.ActiveCfg = Release|Any CPU
		{3F69057F-F3D6-426B-9CA2-C46A8EDBA74D}.Release|Any CPU.Build.0 = Release|Any CPU
		{6C33A7BA-26C1-4562-9838-BC97CC3ABAAE}.Debug|Any CPU.ActiveCfg = Debug|Any CPU
		{6C33A7BA-26C1-4562-9838-BC97CC3ABAAE}.Debug|Any CPU.Build.0 = Debug|Any CPU
		{6C33A7BA-26C1-4562-9838-BC97CC3ABAAE}.Release|Any CPU.ActiveCfg = Release|Any CPU
		{6C33A7BA-26C1-4562-9838-BC97CC3ABAAE}.Release|Any CPU.Build.0 = Release|Any CPU
		{1D60D531-2D68-43F9-8CB5-4A5E4E439B44}.Debug|Any CPU.ActiveCfg = Debug|Any CPU
		{1D60D531-2D68-43F9-8CB5-4A5E4E439B44}.Debug|Any CPU.Build.0 = Debug|Any CPU
		{1D60D531-2D68-43F9-8CB5-4A5E4E439B44}.Release|Any CPU.ActiveCfg = Release|Any CPU
		{1D60D531-2D68-43F9-8CB5-4A5E4E439B44}.Release|Any CPU.Build.0 = Release|Any CPU
		{3AE35B31-E6CD-4AFF-A4EC-C493B5BADC5F}.Debug|Any CPU.ActiveCfg = Debug|Any CPU
		{3AE35B31-E6CD-4AFF-A4EC-C493B5BADC5F}.Debug|Any CPU.Build.0 = Debug|Any CPU
		{3AE35B31-E6CD-4AFF-A4EC-C493B5BADC5F}.Release|Any CPU.ActiveCfg = Release|Any CPU
		{3AE35B31-E6CD-4AFF-A4EC-C493B5BADC5F}.Release|Any CPU.Build.0 = Release|Any CPU
		{559C64F8-720A-48A2-B317-5D952107DD29}.Debug|Any CPU.ActiveCfg = Debug|Any CPU
		{559C64F8-720A-48A2-B317-5D952107DD29}.Debug|Any CPU.Build.0 = Debug|Any CPU
		{559C64F8-720A-48A2-B317-5D952107DD29}.Release|Any CPU.ActiveCfg = Release|Any CPU
		{559C64F8-720A-48A2-B317-5D952107DD29}.Release|Any CPU.Build.0 = Release|Any CPU
		{ADC80D5D-620F-4A88-AAD3-AA2586AD92A7}.Debug|Any CPU.ActiveCfg = Debug|Any CPU
		{ADC80D5D-620F-4A88-AAD3-AA2586AD92A7}.Debug|Any CPU.Build.0 = Debug|Any CPU
		{ADC80D5D-620F-4A88-AAD3-AA2586AD92A7}.Release|Any CPU.ActiveCfg = Release|Any CPU
		{ADC80D5D-620F-4A88-AAD3-AA2586AD92A7}.Release|Any CPU.Build.0 = Release|Any CPU
	EndGlobalSection
	GlobalSection(SolutionProperties) = preSolution
		HideSolutionNode = FALSE
	EndGlobalSection
	GlobalSection(NestedProjects) = preSolution
		{2EF686B4-0052-4791-B5B9-FB3A3CA37932} = {E7C743C5-6AD6-4C49-8F32-95209426C50D}
		{69A3023B-C33B-4B54-8B36-37100016B54D} = {E7C743C5-6AD6-4C49-8F32-95209426C50D}
	EndGlobalSection
	GlobalSection(ExtensibilityGlobals) = postSolution
		SolutionGuid = {C10CAA32-B8C0-4334-B3FA-87F7138FC6B9}
	EndGlobalSection
EndGlobal
